{
  "name": "enhancedMemory",
  "lockfileVersion": 2,
  "requires": true,
  "packages": {
    "": {
      "dependencies": {
        "siriwave": "^2.3.0"
      }
    },
    "node_modules/siriwave": {
      "version": "2.3.0",
      "resolved": "https://registry.npmjs.org/siriwave/-/siriwave-2.3.0.tgz",
      "integrity": "sha512-p/257wib0UPvbI8ZWkm5CrPNlQ9FhLoWLyA+HWLnBCYYRG9/p8UQ4J53o+oPqXaQMjII0svnno8wAgcmQYI+NA=="
    }
  },
  "dependencies": {
    "siriwave": {
      "version": "2.3.0",
      "resolved": "https://registry.npmjs.org/siriwave/-/siriwave-2.3.0.tgz",
      "integrity": "sha512-p/257wib0UPvbI8ZWkm5CrPNlQ9FhLoWLyA+HWLnBCYYRG9/p8UQ4J53o+oPqXaQMjII0svnno8wAgcmQYI+NA=="
    }
  }
}
